
Microsoft Visual Studio Solution File, Format Version 12.00
# Visual Studio 2012
Project("{FAE04EC0-301F-11D3-BF4B-00C04F79EFBC}") = "PuppyKittyOverflow.Portable", "PuppyKittyOverflow.Portable\PuppyKittyOverflow.Portable.csproj", "{3E5A7E5F-09BE-4270-8A16-97423B1B87FF}"
EndProject
Project("{FAE04EC0-301F-11D3-BF4B-00C04F79EFBC}") = "PuppyKittyOverflow.Phone", "PuppyKittyOverflow.Phone\PuppyKittyOverflow.Phone.csproj", "{074785E2-FA66-456B-9C6E-770458D74876}"
EndProject
Project("{FAE04EC0-301F-11D3-BF4B-00C04F79EFBC}") = "PuppyKittyOverflow.Droid", "PuppyKittyOverflow.Droid\PuppyKittyOverflow.Droid.csproj", "{65A8186B-232B-4D8F-ACF0-26B152B9B2F1}"
EndProject
Project("{FAE04EC0-301F-11D3-BF4B-00C04F79EFBC}") = "PuppyKittyOverflow.Touch", "PuppyKittyOverflow.Touch\PuppyKittyOverflow.Touch.csproj", "{D6CBCFFC-20EF-4CF1-838F-C20E00131018}"
EndProject
Global
	GlobalSection(SolutionConfigurationPlatforms) = preSolution
		Ad-Hoc|Any CPU = Ad-Hoc|Any CPU
		Ad-Hoc|ARM = Ad-Hoc|ARM
		Ad-Hoc|iPhone = Ad-Hoc|iPhone
		Ad-Hoc|iPhoneSimulator = Ad-Hoc|iPhoneSimulator
		Ad-Hoc|Mixed Platforms = Ad-Hoc|Mixed Platforms
		Ad-Hoc|x86 = Ad-Hoc|x86
		AppStore|Any CPU = AppStore|Any CPU
		AppStore|ARM = AppStore|ARM
		AppStore|iPhone = AppStore|iPhone
		AppStore|iPhoneSimulator = AppStore|iPhoneSimulator
		AppStore|Mixed Platforms = AppStore|Mixed Platforms
		AppStore|x86 = AppStore|x86
		Debug|Any CPU = Debug|Any CPU
		Debug|ARM = Debug|ARM
		Debug|iPhone = Debug|iPhone
		Debug|iPhoneSimulator = Debug|iPhoneSimulator
		Debug|Mixed Platforms = Debug|Mixed Platforms
		Debug|x86 = Debug|x86
		Release|Any CPU = Release|Any CPU
		Release|ARM = Release|ARM
		Release|iPhone = Release|iPhone
		Release|iPhoneSimulator = Release|iPhoneSimulator
		Release|Mixed Platforms = Release|Mixed Platforms
		Release|x86 = Release|x86
	EndGlobalSection
	GlobalSection(ProjectConfigurationPlatforms) = postSolution
		{074785E2-FA66-456B-9C6E-770458D74876}.Ad-Hoc|Any CPU.ActiveCfg = Release|Any CPU
		{074785E2-FA66-456B-9C6E-770458D74876}.Ad-Hoc|Any CPU.Build.0 = Release|Any CPU
		{074785E2-FA66-456B-9C6E-770458D74876}.Ad-Hoc|Any CPU.Deploy.0 = Release|Any CPU
		{074785E2-FA66-456B-9C6E-770458D74876}.Ad-Hoc|ARM.ActiveCfg = Release|ARM
		{074785E2-FA66-456B-9C6E-770458D74876}.Ad-Hoc|ARM.Build.0 = Release|ARM
		{074785E2-FA66-456B-9C6E-770458D74876}.Ad-Hoc|ARM.Deploy.0 = Release|ARM
		{074785E2-FA66-456B-9C6E-770458D74876}.Ad-Hoc|iPhone.ActiveCfg = Release|Any CPU
		{074785E2-FA66-456B-9C6E-770458D74876}.Ad-Hoc|iPhoneSimulator.ActiveCfg = Release|Any CPU
		{074785E2-FA66-456B-9C6E-770458D74876}.Ad-Hoc|Mixed Platforms.ActiveCfg = Release|x86
		{074785E2-FA66-456B-9C6E-770458D74876}.Ad-Hoc|Mixed Platforms.Build.0 = Release|x86
		{074785E2-FA66-456B-9C6E-770458D74876}.Ad-Hoc|Mixed Platforms.Deploy.0 = Release|x86
		{074785E2-FA66-456B-9C6E-770458D74876}.Ad-Hoc|x86.ActiveCfg = Release|x86
		{074785E2-FA66-456B-9C6E-770458D74876}.Ad-Hoc|x86.Build.0 = Release|x86
		{074785E2-FA66-456B-9C6E-770458D74876}.Ad-Hoc|x86.Deploy.0 = Release|x86
		{074785E2-FA66-456B-9C6E-770458D74876}.AppStore|Any CPU.ActiveCfg = Release|Any CPU
		{074785E2-FA66-456B-9C6E-770458D74876}.AppStore|Any CPU.Build.0 = Release|Any CPU
		{074785E2-FA66-456B-9C6E-770458D74876}.AppStore|Any CPU.Deploy.0 = Release|Any CPU
		{074785E2-FA66-456B-9C6E-770458D74876}.AppStore|ARM.ActiveCfg = Release|ARM
		{074785E2-FA66-456B-9C6E-770458D74876}.AppStore|ARM.Build.0 = Release|ARM
		{074785E2-FA66-456B-9C6E-770458D74876}.AppStore|ARM.Deploy.0 = Release|ARM
		{074785E2-FA66-456B-9C6E-770458D74876}.AppStore|iPhone.ActiveCfg = Release|Any CPU
		{074785E2-FA66-456B-9C6E-770458D74876}.AppStore|iPhoneSimulator.ActiveCfg = Release|Any CPU
		{074785E2-FA66-456B-9C6E-770458D74876}.AppStore|Mixed Platforms.ActiveCfg = Release|x86
		{074785E2-FA66-456B-9C6E-770458D74876}.AppStore|Mixed Platforms.Build.0 = Release|x86
		{074785E2-FA66-456B-9C6E-770458D74876}.AppStore|Mixed Platforms.Deploy.0 = Release|x86
		{074785E2-FA66-456B-9C6E-770458D74876}.AppStore|x86.ActiveCfg = Release|x86
		{074785E2-FA66-456B-9C6E-770458D74876}.AppStore|x86.Build.0 = Release|x86
		{074785E2-FA66-456B-9C6E-770458D74876}.AppStore|x86.Deploy.0 = Release|x86
		{074785E2-FA66-456B-9C6E-770458D74876}.Debug|Any CPU.ActiveCfg = Debug|Any CPU
		{074785E2-FA66-456B-9C6E-770458D74876}.Debug|Any CPU.Build.0 = Debug|Any CPU
		{074785E2-FA66-456B-9C6E-770458D74876}.Debug|Any CPU.Deploy.0 = Debug|Any CPU
		{074785E2-FA66-456B-9C6E-770458D74876}.Debug|ARM.ActiveCfg = Debug|ARM
		{074785E2-FA66-456B-9C6E-770458D74876}.Debug|ARM.Build.0 = Debug|ARM
		{074785E2-FA66-456B-9C6E-770458D74876}.Debug|ARM.Deploy.0 = Debug|ARM
		{074785E2-FA66-456B-9C6E-770458D74876}.Debug|iPhone.ActiveCfg = Debug|Any CPU
		{074785E2-FA66-456B-9C6E-770458D74876}.Debug|iPhoneSimulator.ActiveCfg = Debug|Any CPU
		{074785E2-FA66-456B-9C6E-770458D74876}.Debug|Mixed Platforms.ActiveCfg = Debug|x86
		{074785E2-FA66-456B-9C6E-770458D74876}.Debug|Mixed Platforms.Build.0 = Debug|x86
		{074785E2-FA66-456B-9C6E-770458D74876}.Debug|Mixed Platforms.Deploy.0 = Debug|x86
		{074785E2-FA66-456B-9C6E-770458D74876}.Debug|x86.ActiveCfg = Debug|x86
		{074785E2-FA66-456B-9C6E-770458D74876}.Debug|x86.Build.0 = Debug|x86
		{074785E2-FA66-456B-9C6E-770458D74876}.Debug|x86.Deploy.0 = Debug|x86
		{074785E2-FA66-456B-9C6E-770458D74876}.Release|Any CPU.ActiveCfg = Release|Any CPU
		{074785E2-FA66-456B-9C6E-770458D74876}.Release|Any CPU.Build.0 = Release|Any CPU
		{074785E2-FA66-456B-9C6E-770458D74876}.Release|Any CPU.Deploy.0 = Release|Any CPU
		{074785E2-FA66-456B-9C6E-770458D74876}.Release|ARM.ActiveCfg = Release|ARM
		{074785E2-FA66-456B-9C6E-770458D74876}.Release|ARM.Build.0 = Release|ARM
		{074785E2-FA66-456B-9C6E-770458D74876}.Release|ARM.Deploy.0 = Release|ARM
		{074785E2-FA66-456B-9C6E-770458D74876}.Release|iPhone.ActiveCfg = Release|Any CPU
		{074785E2-FA66-456B-9C6E-770458D74876}.Release|iPhoneSimulator.ActiveCfg = Release|Any CPU
		{074785E2-FA66-456B-9C6E-770458D74876}.Release|Mixed Platforms.ActiveCfg = Release|x86
		{074785E2-FA66-456B-9C6E-770458D74876}.Release|Mixed Platforms.Build.0 = Release|x86
		{074785E2-FA66-456B-9C6E-770458D74876}.Release|Mixed Platforms.Deploy.0 = Release|x86
		{074785E2-FA66-456B-9C6E-770458D74876}.Release|x86.ActiveCfg = Release|x86
		{074785E2-FA66-456B-9C6E-770458D74876}.Release|x86.Build.0 = Release|x86
		{074785E2-FA66-456B-9C6E-770458D74876}.Release|x86.Deploy.0 = Release|x86
		{3E5A7E5F-09BE-4270-8A16-97423B1B87FF}.Ad-Hoc|Any CPU.ActiveCfg = Release|Any CPU
		{3E5A7E5F-09BE-4270-8A16-97423B1B87FF}.Ad-Hoc|Any CPU.Build.0 = Release|Any CPU
		{3E5A7E5F-09BE-4270-8A16-97423B1B87FF}.Ad-Hoc|ARM.ActiveCfg = Release|Any CPU
		{3E5A7E5F-09BE-4270-8A16-97423B1B87FF}.Ad-Hoc|iPhone.ActiveCfg = Release|Any CPU
		{3E5A7E5F-09BE-4270-8A16-97423B1B87FF}.Ad-Hoc|iPhoneSimulator.ActiveCfg = Release|Any CPU
		{3E5A7E5F-09BE-4270-8A16-97423B1B87FF}.Ad-Hoc|Mixed Platforms.ActiveCfg = Release|Any CPU
		{3E5A7E5F-09BE-4270-8A16-97423B1B87FF}.Ad-Hoc|Mixed Platforms.Build.0 = Release|Any CPU
		{3E5A7E5F-09BE-4270-8A16-97423B1B87FF}.Ad-Hoc|x86.ActiveCfg = Release|Any CPU
		{3E5A7E5F-09BE-4270-8A16-97423B1B87FF}.AppStore|Any CPU.ActiveCfg = Release|Any CPU
		{3E5A7E5F-09BE-4270-8A16-97423B1B87FF}.AppStore|Any CPU.Build.0 = Release|Any CPU
		{3E5A7E5F-09BE-4270-8A16-97423B1B87FF}.AppStore|ARM.ActiveCfg = Release|Any CPU
		{3E5A7E5F-09BE-4270-8A16-97423B1B87FF}.AppStore|iPhone.ActiveCfg = Release|Any CPU
		{3E5A7E5F-09BE-4270-8A16-97423B1B87FF}.AppStore|iPhoneSimulator.ActiveCfg = Release|Any CPU
		{3E5A7E5F-09BE-4270-8A16-97423B1B87FF}.AppStore|Mixed Platforms.ActiveCfg = Release|Any CPU
		{3E5A7E5F-09BE-4270-8A16-97423B1B87FF}.AppStore|Mixed Platforms.Build.0 = Release|Any CPU
		{3E5A7E5F-09BE-4270-8A16-97423B1B87FF}.AppStore|x86.ActiveCfg = Release|Any CPU
		{3E5A7E5F-09BE-4270-8A16-97423B1B87FF}.Debug|Any CPU.ActiveCfg = Debug|Any CPU
		{3E5A7E5F-09BE-4270-8A16-97423B1B87FF}.Debug|Any CPU.Build.0 = Debug|Any CPU
		{3E5A7E5F-09BE-4270-8A16-97423B1B87FF}.Debug|ARM.ActiveCfg = Debug|Any CPU
		{3E5A7E5F-09BE-4270-8A16-97423B1B87FF}.Debug|iPhone.ActiveCfg = Debug|Any CPU
		{3E5A7E5F-09BE-4270-8A16-97423B1B87FF}.Debug|iPhoneSimulator.ActiveCfg = Debug|Any CPU
		{3E5A7E5F-09BE-4270-8A16-97423B1B87FF}.Debug|Mixed Platforms.ActiveCfg = Debug|Any CPU
		{3E5A7E5F-09BE-4270-8A16-97423B1B87FF}.Debug|Mixed Platforms.Build.0 = Debug|Any CPU
		{3E5A7E5F-09BE-4270-8A16-97423B1B87FF}.Debug|x86.ActiveCfg = Debug|Any CPU
		{3E5A7E5F-09BE-4270-8A16-97423B1B87FF}.Release|Any CPU.ActiveCfg = Release|Any CPU
		{3E5A7E5F-09BE-4270-8A16-97423B1B87FF}.Release|Any CPU.Build.0 = Release|Any CPU
		{3E5A7E5F-09BE-4270-8A16-97423B1B87FF}.Release|ARM.ActiveCfg = Release|Any CPU
		{3E5A7E5F-09BE-4270-8A16-97423B1B87FF}.Release|iPhone.ActiveCfg = Release|Any CPU
		{3E5A7E5F-09BE-4270-8A16-97423B1B87FF}.Release|iPhoneSimulator.ActiveCfg = Release|Any CPU
		{3E5A7E5F-09BE-4270-8A16-97423B1B87FF}.Release|Mixed Platforms.ActiveCfg = Release|Any CPU
		{3E5A7E5F-09BE-4270-8A16-97423B1B87FF}.Release|Mixed Platforms.Build.0 = Release|Any CPU
		{3E5A7E5F-09BE-4270-8A16-97423B1B87FF}.Release|x86.ActiveCfg = Release|Any CPU
		{65A8186B-232B-4D8F-ACF0-26B152B9B2F1}.Ad-Hoc|Any CPU.ActiveCfg = Release|Any CPU
		{65A8186B-232B-4D8F-ACF0-26B152B9B2F1}.Ad-Hoc|Any CPU.Build.0 = Release|Any CPU
		{65A8186B-232B-4D8F-ACF0-26B152B9B2F1}.Ad-Hoc|Any CPU.Deploy.0 = Release|Any CPU
		{65A8186B-232B-4D8F-ACF0-26B152B9B2F1}.Ad-Hoc|ARM.ActiveCfg = Release|Any CPU
		{65A8186B-232B-4D8F-ACF0-26B152B9B2F1}.Ad-Hoc|iPhone.ActiveCfg = Release|Any CPU
		{65A8186B-232B-4D8F-ACF0-26B152B9B2F1}.Ad-Hoc|iPhoneSimulator.ActiveCfg = Release|Any CPU
		{65A8186B-232B-4D8F-ACF0-26B152B9B2F1}.Ad-Hoc|Mixed Platforms.ActiveCfg = Release|Any CPU
		{65A8186B-232B-4D8F-ACF0-26B152B9B2F1}.Ad-Hoc|Mixed Platforms.Build.0 = Release|Any CPU
		{65A8186B-232B-4D8F-ACF0-26B152B9B2F1}.Ad-Hoc|Mixed Platforms.Deploy.0 = Release|Any CPU
		{65A8186B-232B-4D8F-ACF0-26B152B9B2F1}.Ad-Hoc|x86.ActiveCfg = Release|Any CPU
		{65A8186B-232B-4D8F-ACF0-26B152B9B2F1}.AppStore|Any CPU.ActiveCfg = Release|Any CPU
		{65A8186B-232B-4D8F-ACF0-26B152B9B2F1}.AppStore|Any CPU.Build.0 = Release|Any CPU
		{65A8186B-232B-4D8F-ACF0-26B152B9B2F1}.AppStore|Any CPU.Deploy.0 = Release|Any CPU
		{65A8186B-232B-4D8F-ACF0-26B152B9B2F1}.AppStore|ARM.ActiveCfg = Release|Any CPU
		{65A8186B-232B-4D8F-ACF0-26B152B9B2F1}.AppStore|iPhone.ActiveCfg = Release|Any CPU
		{65A8186B-232B-4D8F-ACF0-26B152B9B2F1}.AppStore|iPhoneSimulator.ActiveCfg = Release|Any CPU
		{65A8186B-232B-4D8F-ACF0-26B152B9B2F1}.AppStore|Mixed Platforms.ActiveCfg = Release|Any CPU
		{65A8186B-232B-4D8F-ACF0-26B152B9B2F1}.AppStore|Mixed Platforms.Build.0 = Release|Any CPU
		{65A8186B-232B-4D8F-ACF0-26B152B9B2F1}.AppStore|Mixed Platforms.Deploy.0 = Release|Any CPU
		{65A8186B-232B-4D8F-ACF0-26B152B9B2F1}.AppStore|x86.ActiveCfg = Release|Any CPU
		{65A8186B-232B-4D8F-ACF0-26B152B9B2F1}.Debug|Any CPU.ActiveCfg = Debug|Any CPU
		{65A8186B-232B-4D8F-ACF0-26B152B9B2F1}.Debug|Any CPU.Build.0 = Debug|Any CPU
		{65A8186B-232B-4D8F-ACF0-26B152B9B2F1}.Debug|Any CPU.Deploy.0 = Debug|Any CPU
		{65A8186B-232B-4D8F-ACF0-26B152B9B2F1}.Debug|ARM.ActiveCfg = Debug|Any CPU
		{65A8186B-232B-4D8F-ACF0-26B152B9B2F1}.Debug|iPhone.ActiveCfg = Debug|Any CPU
		{65A8186B-232B-4D8F-ACF0-26B152B9B2F1}.Debug|iPhoneSimulator.ActiveCfg = Debug|Any CPU
		{65A8186B-232B-4D8F-ACF0-26B152B9B2F1}.Debug|Mixed Platforms.ActiveCfg = Debug|Any CPU
		{65A8186B-232B-4D8F-ACF0-26B152B9B2F1}.Debug|Mixed Platforms.Build.0 = Debug|Any CPU
		{65A8186B-232B-4D8F-ACF0-26B152B9B2F1}.Debug|Mixed Platforms.Deploy.0 = Debug|Any CPU
		{65A8186B-232B-4D8F-ACF0-26B152B9B2F1}.Debug|x86.ActiveCfg = Debug|Any CPU
		{65A8186B-232B-4D8F-ACF0-26B152B9B2F1}.Release|Any CPU.ActiveCfg = Release|Any CPU
		{65A8186B-232B-4D8F-ACF0-26B152B9B2F1}.Release|Any CPU.Build.0 = Release|Any CPU
		{65A8186B-232B-4D8F-ACF0-26B152B9B2F1}.Release|Any CPU.Deploy.0 = Release|Any CPU
		{65A8186B-232B-4D8F-ACF0-26B152B9B2F1}.Release|ARM.ActiveCfg = Release|Any CPU
		{65A8186B-232B-4D8F-ACF0-26B152B9B2F1}.Release|iPhone.ActiveCfg = Release|Any CPU
		{65A8186B-232B-4D8F-ACF0-26B152B9B2F1}.Release|iPhoneSimulator.ActiveCfg = Release|Any CPU
		{65A8186B-232B-4D8F-ACF0-26B152B9B2F1}.Release|Mixed Platforms.ActiveCfg = Release|Any CPU
		{65A8186B-232B-4D8F-ACF0-26B152B9B2F1}.Release|Mixed Platforms.Build.0 = Release|Any CPU
		{65A8186B-232B-4D8F-ACF0-26B152B9B2F1}.Release|Mixed Platforms.Deploy.0 = Release|Any CPU
		{65A8186B-232B-4D8F-ACF0-26B152B9B2F1}.Release|x86.ActiveCfg = Release|Any CPU
		{D6CBCFFC-20EF-4CF1-838F-C20E00131018}.Ad-Hoc|Any CPU.ActiveCfg = Ad-Hoc|iPhone
		{D6CBCFFC-20EF-4CF1-838F-C20E00131018}.Ad-Hoc|ARM.ActiveCfg = Ad-Hoc|iPhone
		{D6CBCFFC-20EF-4CF1-838F-C20E00131018}.Ad-Hoc|iPhone.ActiveCfg = Ad-Hoc|iPhone
		{D6CBCFFC-20EF-4CF1-838F-C20E00131018}.Ad-Hoc|iPhone.Build.0 = Ad-Hoc|iPhone
		{D6CBCFFC-20EF-4CF1-838F-C20E00131018}.Ad-Hoc|iPhoneSimulator.ActiveCfg = Ad-Hoc|iPhoneSimulator
		{D6CBCFFC-20EF-4CF1-838F-C20E00131018}.Ad-Hoc|iPhoneSimulator.Build.0 = Ad-Hoc|iPhoneSimulator
		{D6CBCFFC-20EF-4CF1-838F-C20E00131018}.Ad-Hoc|Mixed Platforms.ActiveCfg = Ad-Hoc|iPhone
		{D6CBCFFC-20EF-4CF1-838F-C20E00131018}.Ad-Hoc|Mixed Platforms.Build.0 = Ad-Hoc|iPhone
		{D6CBCFFC-20EF-4CF1-838F-C20E00131018}.Ad-Hoc|x86.ActiveCfg = Ad-Hoc|iPhone
		{D6CBCFFC-20EF-4CF1-838F-C20E00131018}.AppStore|Any CPU.ActiveCfg = AppStore|iPhone
		{D6CBCFFC-20EF-4CF1-838F-C20E00131018}.AppStore|ARM.ActiveCfg = AppStore|iPhone
		{D6CBCFFC-20EF-4CF1-838F-C20E00131018}.AppStore|iPhone.ActiveCfg = AppStore|iPhone
		{D6CBCFFC-20EF-4CF1-838F-C20E00131018}.AppStore|iPhone.Build.0 = AppStore|iPhone
		{D6CBCFFC-20EF-4CF1-838F-C20E00131018}.AppStore|iPhoneSimulator.ActiveCfg = AppStore|iPhoneSimulator
		{D6CBCFFC-20EF-4CF1-838F-C20E00131018}.AppStore|iPhoneSimulator.Build.0 = AppStore|iPhoneSimulator
		{D6CBCFFC-20EF-4CF1-838F-C20E00131018}.AppStore|Mixed Platforms.ActiveCfg = AppStore|iPhone
		{D6CBCFFC-20EF-4CF1-838F-C20E00131018}.AppStore|Mixed Platforms.Build.0 = AppStore|iPhone
		{D6CBCFFC-20EF-4CF1-838F-C20E00131018}.AppStore|x86.ActiveCfg = AppStore|iPhone
		{D6CBCFFC-20EF-4CF1-838F-C20E00131018}.Debug|Any CPU.ActiveCfg = Debug|iPhone
		{D6CBCFFC-20EF-4CF1-838F-C20E00131018}.Debug|ARM.ActiveCfg = Debug|iPhone
		{D6CBCFFC-20EF-4CF1-838F-C20E00131018}.Debug|iPhone.ActiveCfg = Debug|iPhone
		{D6CBCFFC-20EF-4CF1-838F-C20E00131018}.Debug|iPhone.Build.0 = Debug|iPhone
		{D6CBCFFC-20EF-4CF1-838F-C20E00131018}.Debug|iPhoneSimulator.ActiveCfg = Debug|iPhoneSimulator
		{D6CBCFFC-20EF-4CF1-838F-C20E00131018}.Debug|iPhoneSimulator.Build.0 = Debug|iPhoneSimulator
		{D6CBCFFC-20EF-4CF1-838F-C20E00131018}.Debug|Mixed Platforms.ActiveCfg = Debug|iPhone
		{D6CBCFFC-20EF-4CF1-838F-C20E00131018}.Debug|Mixed Platforms.Build.0 = Debug|iPhone
		{D6CBCFFC-20EF-4CF1-838F-C20E00131018}.Debug|x86.ActiveCfg = Debug|iPhone
		{D6CBCFFC-20EF-4CF1-838F-C20E00131018}.Release|Any CPU.ActiveCfg = Release|iPhone
		{D6CBCFFC-20EF-4CF1-838F-C20E00131018}.Release|ARM.ActiveCfg = Release|iPhone
		{D6CBCFFC-20EF-4CF1-838F-C20E00131018}.Release|iPhone.ActiveCfg = Release|iPhone
		{D6CBCFFC-20EF-4CF1-838F-C20E00131018}.Release|iPhone.Build.0 = Release|iPhone
		{D6CBCFFC-20EF-4CF1-838F-C20E00131018}.Release|iPhoneSimulator.ActiveCfg = Release|iPhoneSimulator
		{D6CBCFFC-20EF-4CF1-838F-C20E00131018}.Release|iPhoneSimulator.Build.0 = Release|iPhoneSimulator
		{D6CBCFFC-20EF-4CF1-838F-C20E00131018}.Release|Mixed Platforms.ActiveCfg = Release|iPhone
		{D6CBCFFC-20EF-4CF1-838F-C20E00131018}.Release|Mixed Platforms.Build.0 = Release|iPhone
		{D6CBCFFC-20EF-4CF1-838F-C20E00131018}.Release|x86.ActiveCfg = Release|iPhone
	EndGlobalSection
	GlobalSection(MonoDevelopProperties) = preSolution
		StartupItem = PuppyKittyOverflow.Droid\PuppyKittyOverflow.Droid.csproj
	EndGlobalSection
	GlobalSection(SolutionProperties) = preSolution
		HideSolutionNode = FALSE
	EndGlobalSection
EndGlobal
